
Microsoft Visual Studio Solution File, Format Version 12.00
# Visual Studio 2013
VisualStudioVersion = 12.0.30110.0
MinimumVisualStudioVersion = 10.0.40219.1
Project("{FAE04EC0-301F-11D3-BF4B-00C04F79EFBC}") = "WebApi", "TestSite\WebApi.csproj", "{C27E6FC4-057E-4A32-8D50-E11C51E4E720}"
EndProject
Project("{FAE04EC0-301F-11D3-BF4B-00C04F79EFBC}") = "DataAccess", "DataAccess\DataAccess.csproj", "{79D00293-2103-49C7-8C2E-D710B2EF7FAB}"
EndProject
Project("{FAE04EC0-301F-11D3-BF4B-00C04F79EFBC}") = "Contract", "Contract\Contract.csproj", "{A6A48244-430B-45B6-B43A-A00EBD3BE87D}"
EndProject
Project("{2150E333-8FDC-42A3-9474-1A3956D46DE8}") = "WebApi", "WebApi", "{785A0914-D33D-44CE-A277-459D7E2BF118}"
EndProject
Project("{FAE04EC0-301F-11D3-BF4B-00C04F79EFBC}") = "ApiIntegrationTests", "ApiIntegrationTests\ApiIntegrationTests.csproj", "{FB9BB356-BA49-49E3-B88D-CB5FD1363EE9}"
EndProject
Project("{FAE04EC0-301F-11D3-BF4B-00C04F79EFBC}") = "ApiUnitTests", "ApiUnitTests\ApiUnitTests.csproj", "{1016603D-CABA-4524-937A-55DC29012679}"
EndProject
Project("{FAE04EC0-301F-11D3-BF4B-00C04F79EFBC}") = "Web.Core", "Web.Core\Web.Core.csproj", "{5A8DD5F6-D525-4948-A918-22713CEE3682}"
EndProject
Project("{2150E333-8FDC-42A3-9474-1A3956D46DE8}") = "WebSite", "WebSite", "{5124EE4B-2D99-47C1-ABAA-9A4D9D859943}"
EndProject
Project("{FAE04EC0-301F-11D3-BF4B-00C04F79EFBC}") = "Website", "Website\Website.csproj", "{9A5BC3E5-32AF-4D64-8C93-76A00AD4867F}"
EndProject
Project("{FAE04EC0-301F-11D3-BF4B-00C04F79EFBC}") = "WebApiServices", "WebApiServices\WebApiServices.csproj", "{1EAF5FC6-60C2-4CEB-8D4C-9DA2959A56E3}"
EndProject
Project("{FAE04EC0-301F-11D3-BF4B-00C04F79EFBC}") = "WebSiteServices", "WebSiteServices\WebSiteServices.csproj", "{D5E902C5-88C3-4ECD-8C3A-9ADCFC7EE0F8}"
EndProject
Project("{FAE04EC0-301F-11D3-BF4B-00C04F79EFBC}") = "WebsiteTests", "WebsiteTests\WebsiteTests.csproj", "{1824CC91-12B9-47E1-A945-C95B1CC627E7}"
EndProject
Global
	GlobalSection(SolutionConfigurationPlatforms) = preSolution
		Debug|Any CPU = Debug|Any CPU
		Release|Any CPU = Release|Any CPU
	EndGlobalSection
	GlobalSection(ProjectConfigurationPlatforms) = postSolution
		{C27E6FC4-057E-4A32-8D50-E11C51E4E720}.Debug|Any CPU.ActiveCfg = Debug|Any CPU
		{C27E6FC4-057E-4A32-8D50-E11C51E4E720}.Debug|Any CPU.Build.0 = Debug|Any CPU
		{C27E6FC4-057E-4A32-8D50-E11C51E4E720}.Release|Any CPU.ActiveCfg = Release|Any CPU
		{C27E6FC4-057E-4A32-8D50-E11C51E4E720}.Release|Any CPU.Build.0 = Release|Any CPU
		{79D00293-2103-49C7-8C2E-D710B2EF7FAB}.Debug|Any CPU.ActiveCfg = Debug|Any CPU
		{79D00293-2103-49C7-8C2E-D710B2EF7FAB}.Debug|Any CPU.Build.0 = Debug|Any CPU
		{79D00293-2103-49C7-8C2E-D710B2EF7FAB}.Release|Any CPU.ActiveCfg = Release|Any CPU
		{79D00293-2103-49C7-8C2E-D710B2EF7FAB}.Release|Any CPU.Build.0 = Release|Any CPU
		{A6A48244-430B-45B6-B43A-A00EBD3BE87D}.Debug|Any CPU.ActiveCfg = Debug|Any CPU
		{A6A48244-430B-45B6-B43A-A00EBD3BE87D}.Debug|Any CPU.Build.0 = Debug|Any CPU
		{A6A48244-430B-45B6-B43A-A00EBD3BE87D}.Release|Any CPU.ActiveCfg = Release|Any CPU
		{A6A48244-430B-45B6-B43A-A00EBD3BE87D}.Release|Any CPU.Build.0 = Release|Any CPU
		{FB9BB356-BA49-49E3-B88D-CB5FD1363EE9}.Debug|Any CPU.ActiveCfg = Debug|Any CPU
		{FB9BB356-BA49-49E3-B88D-CB5FD1363EE9}.Debug|Any CPU.Build.0 = Debug|Any CPU
		{FB9BB356-BA49-49E3-B88D-CB5FD1363EE9}.Release|Any CPU.ActiveCfg = Release|Any CPU
		{FB9BB356-BA49-49E3-B88D-CB5FD1363EE9}.Release|Any CPU.Build.0 = Release|Any CPU
		{1016603D-CABA-4524-937A-55DC29012679}.Debug|Any CPU.ActiveCfg = Debug|Any CPU
		{1016603D-CABA-4524-937A-55DC29012679}.Debug|Any CPU.Build.0 = Debug|Any CPU
		{1016603D-CABA-4524-937A-55DC29012679}.Release|Any CPU.ActiveCfg = Release|Any CPU
		{1016603D-CABA-4524-937A-55DC29012679}.Release|Any CPU.Build.0 = Release|Any CPU
		{5A8DD5F6-D525-4948-A918-22713CEE3682}.Debug|Any CPU.ActiveCfg = Debug|Any CPU
		{5A8DD5F6-D525-4948-A918-22713CEE3682}.Debug|Any CPU.Build.0 = Debug|Any CPU
		{5A8DD5F6-D525-4948-A918-22713CEE3682}.Release|Any CPU.ActiveCfg = Release|Any CPU
		{5A8DD5F6-D525-4948-A918-22713CEE3682}.Release|Any CPU.Build.0 = Release|Any CPU
		{9A5BC3E5-32AF-4D64-8C93-76A00AD4867F}.Debug|Any CPU.ActiveCfg = Debug|Any CPU
		{9A5BC3E5-32AF-4D64-8C93-76A00AD4867F}.Debug|Any CPU.Build.0 = Debug|Any CPU
		{9A5BC3E5-32AF-4D64-8C93-76A00AD4867F}.Release|Any CPU.ActiveCfg = Release|Any CPU
		{9A5BC3E5-32AF-4D64-8C93-76A00AD4867F}.Release|Any CPU.Build.0 = Release|Any CPU
		{1EAF5FC6-60C2-4CEB-8D4C-9DA2959A56E3}.Debug|Any CPU.ActiveCfg = Debug|Any CPU
		{1EAF5FC6-60C2-4CEB-8D4C-9DA2959A56E3}.Debug|Any CPU.Build.0 = Debug|Any CPU
		{1EAF5FC6-60C2-4CEB-8D4C-9DA2959A56E3}.Release|Any CPU.ActiveCfg = Release|Any CPU
		{1EAF5FC6-60C2-4CEB-8D4C-9DA2959A56E3}.Release|Any CPU.Build.0 = Release|Any CPU
		{D5E902C5-88C3-4ECD-8C3A-9ADCFC7EE0F8}.Debug|Any CPU.ActiveCfg = Debug|Any CPU
		{D5E902C5-88C3-4ECD-8C3A-9ADCFC7EE0F8}.Debug|Any CPU.Build.0 = Debug|Any CPU
		{D5E902C5-88C3-4ECD-8C3A-9ADCFC7EE0F8}.Release|Any CPU.ActiveCfg = Release|Any CPU
		{D5E902C5-88C3-4ECD-8C3A-9ADCFC7EE0F8}.Release|Any CPU.Build.0 = Release|Any CPU
		{1824CC91-12B9-47E1-A945-C95B1CC627E7}.Debug|Any CPU.ActiveCfg = Debug|Any CPU
		{1824CC91-12B9-47E1-A945-C95B1CC627E7}.Debug|Any CPU.Build.0 = Debug|Any CPU
		{1824CC91-12B9-47E1-A945-C95B1CC627E7}.Release|Any CPU.ActiveCfg = Release|Any CPU
		{1824CC91-12B9-47E1-A945-C95B1CC627E7}.Release|Any CPU.Build.0 = Release|Any CPU
	EndGlobalSection
	GlobalSection(SolutionProperties) = preSolution
		HideSolutionNode = FALSE
	EndGlobalSection
	GlobalSection(NestedProjects) = preSolution
		{79D00293-2103-49C7-8C2E-D710B2EF7FAB} = {785A0914-D33D-44CE-A277-459D7E2BF118}
		{C27E6FC4-057E-4A32-8D50-E11C51E4E720} = {785A0914-D33D-44CE-A277-459D7E2BF118}
		{FB9BB356-BA49-49E3-B88D-CB5FD1363EE9} = {785A0914-D33D-44CE-A277-459D7E2BF118}
		{1016603D-CABA-4524-937A-55DC29012679} = {785A0914-D33D-44CE-A277-459D7E2BF118}
		{1EAF5FC6-60C2-4CEB-8D4C-9DA2959A56E3} = {785A0914-D33D-44CE-A277-459D7E2BF118}
		{9A5BC3E5-32AF-4D64-8C93-76A00AD4867F} = {5124EE4B-2D99-47C1-ABAA-9A4D9D859943}
		{D5E902C5-88C3-4ECD-8C3A-9ADCFC7EE0F8} = {5124EE4B-2D99-47C1-ABAA-9A4D9D859943}
		{1824CC91-12B9-47E1-A945-C95B1CC627E7} = {5124EE4B-2D99-47C1-ABAA-9A4D9D859943}
	EndGlobalSection
EndGlobal
